{
  "object": {
    "pins": [
      {
        "package": "watch-date-picker",
        "repositoryURL": "https://github.com/freyaariel/watch-date-picker.git",
        "state": {
          "branch": "main",
          "revision": "dfed12afa680c2a41d6bf73c347f1a2241794f41",
          "version": null
        }
      }
    ]
  },
  "version": 1
}
