// !$*UTF8*$!
{
	archiveVersion = 1;
	classes = {
	};
	objectVersion = 55;
	objects = {

/* Begin PBXBuildFile section */
		097155C92744356200F476F0 /* DatePickerExamplesApp.swift in Sources */ = {isa = PBXBuildFile; fileRef = 097155C62744356200F476F0 /* DatePickerExamplesApp.swift */; };
		09954B7E272DCAC300475F57 /* Examples WatchKit App.app in Embed Watch Content */ = {isa = PBXBuildFile; fileRef = 09954B7D272DCAC300475F57 /* Examples WatchKit App.app */; settings = {ATTRIBUTES = (RemoveHeadersOnCopy, ); }; };
		09954B89272DCAC500475F57 /* Examples WatchKit Extension.appex in Embed App Extensions */ = {isa = PBXBuildFile; fileRef = 09954B88272DCAC500475F57 /* Examples WatchKit Extension.appex */; settings = {ATTRIBUTES = (RemoveHeadersOnCopy, ); }; };
		3B029E03285FADA0000346CD /* WatchDatePicker in Frameworks */ = {isa = PBXBuildFile; productRef = 3B029E02285FADA0000346CD /* WatchDatePicker */; };
		3B029E07285FC070000346CD /* Assets.xcassets in Resources */ = {isa = PBXBuildFile; fileRef = 3B029E04285FBFF9000346CD /* Assets.xcassets */; };
		3BCE2B2329F0DF2B00D4E6D3 /* Localizable.strings in Resources */ = {isa = PBXBuildFile; fileRef = 3BCE2AFA29F0DF2A00D4E6D3 /* Localizable.strings */; };
		3BCE2B2429F0E5FB00D4E6D3 /* Localizable.strings in Resources */ = {isa = PBXBuildFile; fileRef = 3BCE2AFA29F0DF2A00D4E6D3 /* Localizable.strings */; };
		3BCE2B2529F0E5FC00D4E6D3 /* Localizable.strings in Resources */ = {isa = PBXBuildFile; fileRef = 3BCE2AFA29F0DF2A00D4E6D3 /* Localizable.strings */; };
		3BCE2B2629F0EA9100D4E6D3 /* Localizable.strings in Resources */ = {isa = PBXBuildFile; fileRef = 3BCE2AFA29F0DF2A00D4E6D3 /* Localizable.strings */; };
		3BF815CB288E375400693A16 /* DatePickerScreenshots.swift in Sources */ = {isa = PBXBuildFile; fileRef = 3BF815CA288E375400693A16 /* DatePickerScreenshots.swift */; };
/* End PBXBuildFile section */

/* Begin PBXContainerItemProxy section */
		09954B7F272DCAC300475F57 /* PBXContainerItemProxy */ = {
			isa = PBXContainerItemProxy;
			containerPortal = 09954B73272DCAC300475F57 /* Project object */;
			proxyType = 1;
			remoteGlobalIDString = 09954B7C272DCAC300475F57;
			remoteInfo = "WatchDatePickerExamples WatchKit App";
		};
		09954B8A272DCAC500475F57 /* PBXContainerItemProxy */ = {
			isa = PBXContainerItemProxy;
			containerPortal = 09954B73272DCAC300475F57 /* Project object */;
			proxyType = 1;
			remoteGlobalIDString = 09954B87272DCAC500475F57;
			remoteInfo = "WatchDatePickerExamples WatchKit Extension";
		};
		3BF815CC288E375400693A16 /* PBXContainerItemProxy */ = {
			isa = PBXContainerItemProxy;
			containerPortal = 09954B73272DCAC300475F57 /* Project object */;
			proxyType = 1;
			remoteGlobalIDString = 09954B7C272DCAC300475F57;
			remoteInfo = "Examples WatchKit App";
		};
/* End PBXContainerItemProxy section */

/* Begin PBXCopyFilesBuildPhase section */
		09954B9E272DCAC700475F57 /* Embed App Extensions */ = {
			isa = PBXCopyFilesBuildPhase;
			buildActionMask = 2147483647;
			dstPath = "";
			dstSubfolderSpec = 13;
			files = (
				09954B89272DCAC500475F57 /* Examples WatchKit Extension.appex in Embed App Extensions */,
			);
			name = "Embed App Extensions";
			runOnlyForDeploymentPostprocessing = 0;
		};
		09954BA2272DCAC700475F57 /* Embed Watch Content */ = {
			isa = PBXCopyFilesBuildPhase;
			buildActionMask = 2147483647;
			dstPath = "$(CONTENTS_FOLDER_PATH)/Watch";
			dstSubfolderSpec = 16;
			files = (
				09954B7E272DCAC300475F57 /* Examples WatchKit App.app in Embed Watch Content */,
			);
			name = "Embed Watch Content";
			runOnlyForDeploymentPostprocessing = 0;
		};
		09954BD7272DCCA800475F57 /* Embed Frameworks */ = {
			isa = PBXCopyFilesBuildPhase;
			buildActionMask = 2147483647;
			dstPath = "";
			dstSubfolderSpec = 10;
			files = (
			);
			name = "Embed Frameworks";
			runOnlyForDeploymentPostprocessing = 0;
		};
/* End PBXCopyFilesBuildPhase section */

/* Begin PBXFileReference section */
		097155C62744356200F476F0 /* DatePickerExamplesApp.swift */ = {isa = PBXFileReference; fileEncoding = 4; lastKnownFileType = sourcecode.swift; path = DatePickerExamplesApp.swift; sourceTree = "<group>"; };
		097155C72744356200F476F0 /* Info.plist */ = {isa = PBXFileReference; fileEncoding = 4; lastKnownFileType = text.plist.xml; path = Info.plist; sourceTree = "<group>"; };
		09954B79272DCAC300475F57 /* WatchDatePicker Examples.app */ = {isa = PBXFileReference; explicitFileType = wrapper.application; includeInIndex = 0; path = "WatchDatePicker Examples.app"; sourceTree = BUILT_PRODUCTS_DIR; };
		09954B7D272DCAC300475F57 /* Examples WatchKit App.app */ = {isa = PBXFileReference; explicitFileType = wrapper.application; includeInIndex = 0; path = "Examples WatchKit App.app"; sourceTree = BUILT_PRODUCTS_DIR; };
		09954B88272DCAC500475F57 /* Examples WatchKit Extension.appex */ = {isa = PBXFileReference; explicitFileType = "wrapper.app-extension"; includeInIndex = 0; path = "Examples WatchKit Extension.appex"; sourceTree = BUILT_PRODUCTS_DIR; };
		3B029E04285FBFF9000346CD /* Assets.xcassets */ = {isa = PBXFileReference; lastKnownFileType = folder.assetcatalog; path = Assets.xcassets; sourceTree = "<group>"; };
		3BA47621285FAD6800431D20 /* watch-date-picker */ = {isa = PBXFileReference; lastKnownFileType = wrapper; name = "watch-date-picker"; path = ..; sourceTree = "<group>"; };
		3BCE2AFB29F0DF2A00D4E6D3 /* de */ = {isa = PBXFileReference; lastKnownFileType = text.plist.strings; name = de; path = de.lproj/Localizable.strings; sourceTree = "<group>"; };
		3BCE2AFC29F0DF2A00D4E6D3 /* he */ = {isa = PBXFileReference; lastKnownFileType = text.plist.strings; name = he; path = he.lproj/Localizable.strings; sourceTree = "<group>"; };
		3BCE2AFD29F0DF2A00D4E6D3 /* ar */ = {isa = PBXFileReference; lastKnownFileType = text.plist.strings; name = ar; path = ar.lproj/Localizable.strings; sourceTree = "<group>"; };
		3BCE2AFE29F0DF2A00D4E6D3 /* el */ = {isa = PBXFileReference; lastKnownFileType = text.plist.strings; name = el; path = el.lproj/Localizable.strings; sourceTree = "<group>"; };
		3BCE2B0029F0DF2A00D4E6D3 /* ja */ = {isa = PBXFileReference; lastKnownFileType = text.plist.strings; name = ja; path = ja.lproj/Localizable.strings; sourceTree = "<group>"; };
		3BCE2B0129F0DF2A00D4E6D3 /* en */ = {isa = PBXFileReference; lastKnownFileType = text.plist.strings; name = en; path = en.lproj/Localizable.strings; sourceTree = "<group>"; };
		3BCE2B0229F0DF2A00D4E6D3 /* uk */ = {isa = PBXFileReference; lastKnownFileType = text.plist.strings; name = uk; path = uk.lproj/Localizable.strings; sourceTree = "<group>"; };
		3BCE2B0329F0DF2A00D4E6D3 /* es_419 */ = {isa = PBXFileReference; lastKnownFileType = text.plist.strings; name = es_419; path = es_419.lproj/Localizable.strings; sourceTree = "<group>"; };
		3BCE2B0429F0DF2A00D4E6D3 /* zh_CN */ = {isa = PBXFileReference; lastKnownFileType = text.plist.strings; name = zh_CN; path = zh_CN.lproj/Localizable.strings; sourceTree = "<group>"; };
		3BCE2B0529F0DF2A00D4E6D3 /* es */ = {isa = PBXFileReference; lastKnownFileType = text.plist.strings; name = es; path = es.lproj/Localizable.strings; sourceTree = "<group>"; };
		3BCE2B0629F0DF2A00D4E6D3 /* pt_BR */ = {isa = PBXFileReference; lastKnownFileType = text.plist.strings; name = pt_BR; path = pt_BR.lproj/Localizable.strings; sourceTree = "<group>"; };
		3BCE2B0729F0DF2A00D4E6D3 /* da */ = {isa = PBXFileReference; lastKnownFileType = text.plist.strings; name = da; path = da.lproj/Localizable.strings; sourceTree = "<group>"; };
		3BCE2B0829F0DF2A00D4E6D3 /* it */ = {isa = PBXFileReference; lastKnownFileType = text.plist.strings; name = it; path = it.lproj/Localizable.strings; sourceTree = "<group>"; };
		3BCE2B0929F0DF2A00D4E6D3 /* bg */ = {isa = PBXFileReference; lastKnownFileType = text.plist.strings; name = bg; path = bg.lproj/Localizable.strings; sourceTree = "<group>"; };
		3BCE2B0A29F0DF2A00D4E6D3 /* sk */ = {isa = PBXFileReference; lastKnownFileType = text.plist.strings; name = sk; path = sk.lproj/Localizable.strings; sourceTree = "<group>"; };
		3BCE2B0B29F0DF2A00D4E6D3 /* kk */ = {isa = PBXFileReference; lastKnownFileType = text.plist.strings; name = kk; path = kk.lproj/Localizable.strings; sourceTree = "<group>"; };
		3BCE2B0C29F0DF2A00D4E6D3 /* pt_PT */ = {isa = PBXFileReference; lastKnownFileType = text.plist.strings; name = pt_PT; path = pt_PT.lproj/Localizable.strings; sourceTree = "<group>"; };
		3BCE2B0D29F0DF2A00D4E6D3 /* ms */ = {isa = PBXFileReference; lastKnownFileType = text.plist.strings; name = ms; path = ms.lproj/Localizable.strings; sourceTree = "<group>"; };
		3BCE2B0E29F0DF2A00D4E6D3 /* sv */ = {isa = PBXFileReference; lastKnownFileType = text.plist.strings; name = sv; path = sv.lproj/Localizable.strings; sourceTree = "<group>"; };
		3BCE2B0F29F0DF2A00D4E6D3 /* cs */ = {isa = PBXFileReference; lastKnownFileType = text.plist.strings; name = cs; path = cs.lproj/Localizable.strings; sourceTree = "<group>"; };
		3BCE2B1029F0DF2A00D4E6D3 /* ko */ = {isa = PBXFileReference; lastKnownFileType = text.plist.strings; name = ko; path = ko.lproj/Localizable.strings; sourceTree = "<group>"; };
		3BCE2B1229F0DF2A00D4E6D3 /* no */ = {isa = PBXFileReference; lastKnownFileType = text.plist.strings; name = no; path = no.lproj/Localizable.strings; sourceTree = "<group>"; };
		3BCE2B1329F0DF2A00D4E6D3 /* hu */ = {isa = PBXFileReference; lastKnownFileType = text.plist.strings; name = hu; path = hu.lproj/Localizable.strings; sourceTree = "<group>"; };
		3BCE2B1429F0DF2A00D4E6D3 /* zh_HK */ = {isa = PBXFileReference; lastKnownFileType = text.plist.strings; name = zh_HK; path = zh_HK.lproj/Localizable.strings; sourceTree = "<group>"; };
		3BCE2B1529F0DF2A00D4E6D3 /* tr */ = {isa = PBXFileReference; lastKnownFileType = text.plist.strings; name = tr; path = tr.lproj/Localizable.strings; sourceTree = "<group>"; };
		3BCE2B1629F0DF2A00D4E6D3 /* pl */ = {isa = PBXFileReference; lastKnownFileType = text.plist.strings; name = pl; path = pl.lproj/Localizable.strings; sourceTree = "<group>"; };
		3BCE2B1729F0DF2A00D4E6D3 /* zh_TW */ = {isa = PBXFileReference; lastKnownFileType = text.plist.strings; name = zh_TW; path = zh_TW.lproj/Localizable.strings; sourceTree = "<group>"; };
		3BCE2B1829F0DF2A00D4E6D3 /* vi */ = {isa = PBXFileReference; lastKnownFileType = text.plist.strings; name = vi; path = vi.lproj/Localizable.strings; sourceTree = "<group>"; };
		3BCE2B1929F0DF2A00D4E6D3 /* ru */ = {isa = PBXFileReference; lastKnownFileType = text.plist.strings; name = ru; path = ru.lproj/Localizable.strings; sourceTree = "<group>"; };
		3BCE2B1A29F0DF2A00D4E6D3 /* fr */ = {isa = PBXFileReference; lastKnownFileType = text.plist.strings; name = fr; path = fr.lproj/Localizable.strings; sourceTree = "<group>"; };
		3BCE2B1B29F0DF2A00D4E6D3 /* fi */ = {isa = PBXFileReference; lastKnownFileType = text.plist.strings; name = fi; path = fi.lproj/Localizable.strings; sourceTree = "<group>"; };
		3BCE2B1C29F0DF2A00D4E6D3 /* id */ = {isa = PBXFileReference; lastKnownFileType = text.plist.strings; name = id; path = id.lproj/Localizable.strings; sourceTree = "<group>"; };
		3BCE2B1D29F0DF2A00D4E6D3 /* nl */ = {isa = PBXFileReference; lastKnownFileType = text.plist.strings; name = nl; path = nl.lproj/Localizable.strings; sourceTree = "<group>"; };
		3BCE2B1E29F0DF2A00D4E6D3 /* th */ = {isa = PBXFileReference; lastKnownFileType = text.plist.strings; name = th; path = th.lproj/Localizable.strings; sourceTree = "<group>"; };
		3BCE2B1F29F0DF2A00D4E6D3 /* ro */ = {isa = PBXFileReference; lastKnownFileType = text.plist.strings; name = ro; path = ro.lproj/Localizable.strings; sourceTree = "<group>"; };
		3BCE2B2029F0DF2A00D4E6D3 /* hr */ = {isa = PBXFileReference; lastKnownFileType = text.plist.strings; name = hr; path = hr.lproj/Localizable.strings; sourceTree = "<group>"; };
		3BCE2B2129F0DF2A00D4E6D3 /* hi */ = {isa = PBXFileReference; lastKnownFileType = text.plist.strings; name = hi; path = hi.lproj/Localizable.strings; sourceTree = "<group>"; };
		3BCE2B2229F0DF2A00D4E6D3 /* ca */ = {isa = PBXFileReference; lastKnownFileType = text.plist.strings; name = ca; path = ca.lproj/Localizable.strings; sourceTree = "<group>"; };
		3BF815C6288E375300693A16 /* Examples WatchKit Screenshots.xctest */ = {isa = PBXFileReference; explicitFileType = wrapper.cfbundle; includeInIndex = 0; path = "Examples WatchKit Screenshots.xctest"; sourceTree = BUILT_PRODUCTS_DIR; };
		3BF815CA288E375400693A16 /* DatePickerScreenshots.swift */ = {isa = PBXFileReference; lastKnownFileType = sourcecode.swift; path = DatePickerScreenshots.swift; sourceTree = "<group>"; };
/* End PBXFileReference section */

/* Begin PBXFrameworksBuildPhase section */
		09954B85272DCAC500475F57 /* Frameworks */ = {
			isa = PBXFrameworksBuildPhase;
			buildActionMask = 2147483647;
			files = (
				3B029E03285FADA0000346CD /* WatchDatePicker in Frameworks */,
			);
			runOnlyForDeploymentPostprocessing = 0;
		};
		3BF815C3288E375300693A16 /* Frameworks */ = {
			isa = PBXFrameworksBuildPhase;
			buildActionMask = 2147483647;
			files = (
			);
			runOnlyForDeploymentPostprocessing = 0;
		};
/* End PBXFrameworksBuildPhase section */

/* Begin PBXGroup section */
		09954B72272DCAC300475F57 = {
			isa = PBXGroup;
			children = (
				097155C62744356200F476F0 /* DatePickerExamplesApp.swift */,
				3BF815CA288E375400693A16 /* DatePickerScreenshots.swift */,
				3BA47620285FAD6800431D20 /* Packages */,
				3B029E04285FBFF9000346CD /* Assets.xcassets */,
				097155C72744356200F476F0 /* Info.plist */,
				3BCE2AF929F0DF2A00D4E6D3 /* Localization */,
				09954B7A272DCAC300475F57 /* Products */,
				3B029E01285FADA0000346CD /* Frameworks */,
			);
			sourceTree = "<group>";
		};
		09954B7A272DCAC300475F57 /* Products */ = {
			isa = PBXGroup;
			children = (
				09954B79272DCAC300475F57 /* WatchDatePicker Examples.app */,
				09954B7D272DCAC300475F57 /* Examples WatchKit App.app */,
				09954B88272DCAC500475F57 /* Examples WatchKit Extension.appex */,
				3BF815C6288E375300693A16 /* Examples WatchKit Screenshots.xctest */,
			);
			name = Products;
			sourceTree = "<group>";
		};
		3B029E01285FADA0000346CD /* Frameworks */ = {
			isa = PBXGroup;
			children = (
			);
			name = Frameworks;
			sourceTree = "<group>";
		};
		3BA47620285FAD6800431D20 /* Packages */ = {
			isa = PBXGroup;
			children = (
				3BA47621285FAD6800431D20 /* watch-date-picker */,
			);
			name = Packages;
			sourceTree = "<group>";
		};
		3BCE2AF929F0DF2A00D4E6D3 /* Localization */ = {
			isa = PBXGroup;
			children = (
				3BCE2AFA29F0DF2A00D4E6D3 /* Localizable.strings */,
			);
			name = Localization;
			path = ../Sources/WatchDatePicker/Localization;
			sourceTree = "<group>";
		};
/* End PBXGroup section */

/* Begin PBXNativeTarget section */
		09954B78272DCAC300475F57 /* Examples */ = {
			isa = PBXNativeTarget;
			buildConfigurationList = 09954BA3272DCAC700475F57 /* Build configuration list for PBXNativeTarget "Examples" */;
			buildPhases = (
				09954B77272DCAC300475F57 /* Resources */,
				09954BA2272DCAC700475F57 /* Embed Watch Content */,
			);
			buildRules = (
			);
			dependencies = (
				09954B80272DCAC300475F57 /* PBXTargetDependency */,
			);
			name = Examples;
			productName = WatchDatePickerExamples;
			productReference = 09954B79272DCAC300475F57 /* WatchDatePicker Examples.app */;
			productType = "com.apple.product-type.application.watchapp2-container";
		};
		09954B7C272DCAC300475F57 /* Examples WatchKit App */ = {
			isa = PBXNativeTarget;
			buildConfigurationList = 09954B9F272DCAC700475F57 /* Build configuration list for PBXNativeTarget "Examples WatchKit App" */;
			buildPhases = (
				09954B7B272DCAC300475F57 /* Resources */,
				09954B9E272DCAC700475F57 /* Embed App Extensions */,
			);
			buildRules = (
			);
			dependencies = (
				09954B8B272DCAC500475F57 /* PBXTargetDependency */,
			);
			name = "Examples WatchKit App";
			productName = "WatchDatePickerExamples WatchKit App";
			productReference = 09954B7D272DCAC300475F57 /* Examples WatchKit App.app */;
			productType = "com.apple.product-type.application.watchapp2";
		};
		09954B87272DCAC500475F57 /* Examples WatchKit Extension */ = {
			isa = PBXNativeTarget;
			buildConfigurationList = 09954B9B272DCAC700475F57 /* Build configuration list for PBXNativeTarget "Examples WatchKit Extension" */;
			buildPhases = (
				09954B84272DCAC500475F57 /* Sources */,
				09954B85272DCAC500475F57 /* Frameworks */,
				09954B86272DCAC500475F57 /* Resources */,
				09954BD7272DCCA800475F57 /* Embed Frameworks */,
			);
			buildRules = (
			);
			dependencies = (
				093463672730905A0022266C /* PBXTargetDependency */,
			);
			name = "Examples WatchKit Extension";
			packageProductDependencies = (
				3B029E02285FADA0000346CD /* WatchDatePicker */,
			);
			productName = "WatchDatePickerExamples WatchKit Extension";
			productReference = 09954B88272DCAC500475F57 /* Examples WatchKit Extension.appex */;
			productType = "com.apple.product-type.watchkit2-extension";
		};
		3BF815C5288E375300693A16 /* Examples WatchKit Screenshots */ = {
			isa = PBXNativeTarget;
			buildConfigurationList = 3BF815D0288E375400693A16 /* Build configuration list for PBXNativeTarget "Examples WatchKit Screenshots" */;
			buildPhases = (
				3BF815C2288E375300693A16 /* Sources */,
				3BF815C3288E375300693A16 /* Frameworks */,
				3BF815C4288E375300693A16 /* Resources */,
			);
			buildRules = (
			);
			dependencies = (
				3BF815CD288E375400693A16 /* PBXTargetDependency */,
			);
			name = "Examples WatchKit Screenshots";
			productName = "Examples WatchKit Screenshots";
			productReference = 3BF815C6288E375300693A16 /* Examples WatchKit Screenshots.xctest */;
			productType = "com.apple.product-type.bundle.ui-testing";
		};
/* End PBXNativeTarget section */

/* Begin PBXProject section */
		09954B73272DCAC300475F57 /* Project object */ = {
			isa = PBXProject;
			attributes = {
				BuildIndependentTargetsInParallel = 1;
				LastSwiftUpdateCheck = 1310;
				LastUpgradeCheck = 1310;
				TargetAttributes = {
					09954B78272DCAC300475F57 = {
						CreatedOnToolsVersion = 13.0;
						LastSwiftMigration = 1310;
					};
					09954B7C272DCAC300475F57 = {
						CreatedOnToolsVersion = 13.0;
					};
					09954B87272DCAC500475F57 = {
						CreatedOnToolsVersion = 13.0;
						LastSwiftMigration = 1310;
					};
					3BF815C5288E375300693A16 = {
						CreatedOnToolsVersion = 13.1;
						TestTargetID = 09954B7C272DCAC300475F57;
					};
				};
			};
			buildConfigurationList = 09954B76272DCAC300475F57 /* Build configuration list for PBXProject "WatchDatePickerExamples" */;
			compatibilityVersion = "Xcode 13.0";
			developmentRegion = en;
			hasScannedForEncodings = 0;
			knownRegions = (
				en,
				Base,
				da,
				sv,
				ro,
				ru,
				ja,
				nl,
				de,
				fr,
				es,
				fi,
				ar,
				el,
				he,
				no,
				es_419,
				zh_CN,
				pt_BR,
				it,
				bg,
				kk,
				pt_PT,
				ms,
				cs,
				ko,
				hu,
				zh_HK,
				tr,
				zh_TW,
				vi,
				id,
				th,
				hi,
				ca,
				uk,
				sk,
				pl,
				hr,
			);
			mainGroup = 09954B72272DCAC300475F57;
			packageReferences = (
			);
			productRefGroup = 09954B7A272DCAC300475F57 /* Products */;
			projectDirPath = "";
			projectRoot = "";
			targets = (
				09954B78272DCAC300475F57 /* Examples */,
				09954B7C272DCAC300475F57 /* Examples WatchKit App */,
				09954B87272DCAC500475F57 /* Examples WatchKit Extension */,
				3BF815C5288E375300693A16 /* Examples WatchKit Screenshots */,
			);
		};
/* End PBXProject section */

/* Begin PBXResourcesBuildPhase section */
		09954B77272DCAC300475F57 /* Resources */ = {
			isa = PBXResourcesBuildPhase;
			buildActionMask = 2147483647;
			files = (
				3BCE2B2329F0DF2B00D4E6D3 /* Localizable.strings in Resources */,
			);
			runOnlyForDeploymentPostprocessing = 0;
		};
		09954B7B272DCAC300475F57 /* Resources */ = {
			isa = PBXResourcesBuildPhase;
			buildActionMask = 2147483647;
			files = (
				3B029E07285FC070000346CD /* Assets.xcassets in Resources */,
				3BCE2B2429F0E5FB00D4E6D3 /* Localizable.strings in Resources */,
			);
			runOnlyForDeploymentPostprocessing = 0;
		};
		09954B86272DCAC500475F57 /* Resources */ = {
			isa = PBXResourcesBuildPhase;
			buildActionMask = 2147483647;
			files = (
				3BCE2B2629F0EA9100D4E6D3 /* Localizable.strings in Resources */,
			);
			runOnlyForDeploymentPostprocessing = 0;
		};
		3BF815C4288E375300693A16 /* Resources */ = {
			isa = PBXResourcesBuildPhase;
			buildActionMask = 2147483647;
			files = (
				3BCE2B2529F0E5FC00D4E6D3 /* Localizable.strings in Resources */,
			);
			runOnlyForDeploymentPostprocessing = 0;
		};
/* End PBXResourcesBuildPhase section */

/* Begin PBXSourcesBuildPhase section */
		09954B84272DCAC500475F57 /* Sources */ = {
			isa = PBXSourcesBuildPhase;
			buildActionMask = 2147483647;
			files = (
				097155C92744356200F476F0 /* DatePickerExamplesApp.swift in Sources */,
			);
			runOnlyForDeploymentPostprocessing = 0;
		};
		3BF815C2288E375300693A16 /* Sources */ = {
			isa = PBXSourcesBuildPhase;
			buildActionMask = 2147483647;
			files = (
				3BF815CB288E375400693A16 /* DatePickerScreenshots.swift in Sources */,
			);
			runOnlyForDeploymentPostprocessing = 0;
		};
/* End PBXSourcesBuildPhase section */

/* Begin PBXTargetDependency section */
		093463672730905A0022266C /* PBXTargetDependency */ = {
			isa = PBXTargetDependency;
			productRef = 093463662730905A0022266C /* WatchDatePicker */;
		};
		09954B80272DCAC300475F57 /* PBXTargetDependency */ = {
			isa = PBXTargetDependency;
			target = 09954B7C272DCAC300475F57 /* Examples WatchKit App */;
			targetProxy = 09954B7F272DCAC300475F57 /* PBXContainerItemProxy */;
		};
		09954B8B272DCAC500475F57 /* PBXTargetDependency */ = {
			isa = PBXTargetDependency;
			target = 09954B87272DCAC500475F57 /* Examples WatchKit Extension */;
			targetProxy = 09954B8A272DCAC500475F57 /* PBXContainerItemProxy */;
		};
		3BF815CD288E375400693A16 /* PBXTargetDependency */ = {
			isa = PBXTargetDependency;
			target = 09954B7C272DCAC300475F57 /* Examples WatchKit App */;
			targetProxy = 3BF815CC288E375400693A16 /* PBXContainerItemProxy */;
		};
/* End PBXTargetDependency section */

/* Begin PBXVariantGroup section */
		3BCE2AFA29F0DF2A00D4E6D3 /* Localizable.strings */ = {
			isa = PBXVariantGroup;
			children = (
				3BCE2AFB29F0DF2A00D4E6D3 /* de */,
				3BCE2AFC29F0DF2A00D4E6D3 /* he */,
				3BCE2AFD29F0DF2A00D4E6D3 /* ar */,
				3BCE2AFE29F0DF2A00D4E6D3 /* el */,
				3BCE2B0029F0DF2A00D4E6D3 /* ja */,
				3BCE2B0129F0DF2A00D4E6D3 /* en */,
				3BCE2B0229F0DF2A00D4E6D3 /* uk */,
				3BCE2B0329F0DF2A00D4E6D3 /* es_419 */,
				3BCE2B0429F0DF2A00D4E6D3 /* zh_CN */,
				3BCE2B0529F0DF2A00D4E6D3 /* es */,
				3BCE2B0629F0DF2A00D4E6D3 /* pt_BR */,
				3BCE2B0729F0DF2A00D4E6D3 /* da */,
				3BCE2B0829F0DF2A00D4E6D3 /* it */,
				3BCE2B0929F0DF2A00D4E6D3 /* bg */,
				3BCE2B0A29F0DF2A00D4E6D3 /* sk */,
				3BCE2B0B29F0DF2A00D4E6D3 /* kk */,
				3BCE2B0C29F0DF2A00D4E6D3 /* pt_PT */,
				3BCE2B0D29F0DF2A00D4E6D3 /* ms */,
				3BCE2B0E29F0DF2A00D4E6D3 /* sv */,
				3BCE2B0F29F0DF2A00D4E6D3 /* cs */,
				3BCE2B1029F0DF2A00D4E6D3 /* ko */,
				3BCE2B1229F0DF2A00D4E6D3 /* no */,
				3BCE2B1329F0DF2A00D4E6D3 /* hu */,
				3BCE2B1429F0DF2A00D4E6D3 /* zh_HK */,
				3BCE2B1529F0DF2A00D4E6D3 /* tr */,
				3BCE2B1629F0DF2A00D4E6D3 /* pl */,
				3BCE2B1729F0DF2A00D4E6D3 /* zh_TW */,
				3BCE2B1829F0DF2A00D4E6D3 /* vi */,
				3BCE2B1929F0DF2A00D4E6D3 /* ru */,
				3BCE2B1A29F0DF2A00D4E6D3 /* fr */,
				3BCE2B1B29F0DF2A00D4E6D3 /* fi */,
				3BCE2B1C29F0DF2A00D4E6D3 /* id */,
				3BCE2B1D29F0DF2A00D4E6D3 /* nl */,
				3BCE2B1E29F0DF2A00D4E6D3 /* th */,
				3BCE2B1F29F0DF2A00D4E6D3 /* ro */,
				3BCE2B2029F0DF2A00D4E6D3 /* hr */,
				3BCE2B2129F0DF2A00D4E6D3 /* hi */,
				3BCE2B2229F0DF2A00D4E6D3 /* ca */,
			);
			name = Localizable.strings;
			sourceTree = "<group>";
		};
/* End PBXVariantGroup section */

/* Begin XCBuildConfiguration section */
		09954B99272DCAC700475F57 /* Debug */ = {
			isa = XCBuildConfiguration;
			buildSettings = {
				ALWAYS_SEARCH_USER_PATHS = NO;
				CLANG_ANALYZER_LOCALIZABILITY_NONLOCALIZED = YES;
				CLANG_ANALYZER_NONNULL = YES;
				CLANG_ANALYZER_NUMBER_OBJECT_CONVERSION = YES_AGGRESSIVE;
				CLANG_CXX_LANGUAGE_STANDARD = "gnu++17";
				CLANG_CXX_LIBRARY = "libc++";
				CLANG_ENABLE_MODULES = YES;
				CLANG_ENABLE_OBJC_ARC = YES;
				CLANG_ENABLE_OBJC_WEAK = YES;
				CLANG_WARN_BLOCK_CAPTURE_AUTORELEASING = YES;
				CLANG_WARN_BOOL_CONVERSION = YES;
				CLANG_WARN_COMMA = YES;
				CLANG_WARN_CONSTANT_CONVERSION = YES;
				CLANG_WARN_DEPRECATED_OBJC_IMPLEMENTATIONS = YES;
				CLANG_WARN_DIRECT_OBJC_ISA_USAGE = YES_ERROR;
				CLANG_WARN_DOCUMENTATION_COMMENTS = YES;
				CLANG_WARN_EMPTY_BODY = YES;
				CLANG_WARN_ENUM_CONVERSION = YES;
				CLANG_WARN_INFINITE_RECURSION = YES;
				CLANG_WARN_INT_CONVERSION = YES;
				CLANG_WARN_NON_LITERAL_NULL_CONVERSION = YES;
				CLANG_WARN_OBJC_IMPLICIT_RETAIN_SELF = YES;
				CLANG_WARN_OBJC_LITERAL_CONVERSION = YES;
				CLANG_WARN_OBJC_ROOT_CLASS = YES_ERROR;
				CLANG_WARN_QUOTED_INCLUDE_IN_FRAMEWORK_HEADER = YES;
				CLANG_WARN_RANGE_LOOP_ANALYSIS = YES;
				CLANG_WARN_STRICT_PROTOTYPES = YES;
				CLANG_WARN_SUSPICIOUS_MOVE = YES;
				CLANG_WARN_UNGUARDED_AVAILABILITY = YES_AGGRESSIVE;
				CLANG_WARN_UNREACHABLE_CODE = YES;
				CLANG_WARN__DUPLICATE_METHOD_MATCH = YES;
				COPY_PHASE_STRIP = NO;
				DEBUG_INFORMATION_FORMAT = dwarf;
				ENABLE_STRICT_OBJC_MSGSEND = YES;
				ENABLE_TESTABILITY = YES;
				GCC_C_LANGUAGE_STANDARD = gnu11;
				GCC_DYNAMIC_NO_PIC = NO;
				GCC_NO_COMMON_BLOCKS = YES;
				GCC_OPTIMIZATION_LEVEL = 0;
				GCC_PREPROCESSOR_DEFINITIONS = (
					"DEBUG=1",
					"$(inherited)",
				);
				GCC_WARN_64_TO_32_BIT_CONVERSION = YES;
				GCC_WARN_ABOUT_RETURN_TYPE = YES_ERROR;
				GCC_WARN_UNDECLARED_SELECTOR = YES;
				GCC_WARN_UNINITIALIZED_AUTOS = YES_AGGRESSIVE;
				GCC_WARN_UNUSED_FUNCTION = YES;
				GCC_WARN_UNUSED_VARIABLE = YES;
				INFOPLIST_KEY_NSHumanReadableCopyright = "© 2021 Freya Ariel";
				MTL_ENABLE_DEBUG_INFO = INCLUDE_SOURCE;
				MTL_FAST_MATH = YES;
				ONLY_ACTIVE_ARCH = YES;
				SDKROOT = iphoneos;
				SWIFT_ACTIVE_COMPILATION_CONDITIONS = DEBUG;
				SWIFT_OPTIMIZATION_LEVEL = "-Onone";
			};
			name = Debug;
		};
		09954B9A272DCAC700475F57 /* Release */ = {
			isa = XCBuildConfiguration;
			buildSettings = {
				ALWAYS_SEARCH_USER_PATHS = NO;
				CLANG_ANALYZER_LOCALIZABILITY_NONLOCALIZED = YES;
				CLANG_ANALYZER_NONNULL = YES;
				CLANG_ANALYZER_NUMBER_OBJECT_CONVERSION = YES_AGGRESSIVE;
				CLANG_CXX_LANGUAGE_STANDARD = "gnu++17";
				CLANG_CXX_LIBRARY = "libc++";
				CLANG_ENABLE_MODULES = YES;
				CLANG_ENABLE_OBJC_ARC = YES;
				CLANG_ENABLE_OBJC_WEAK = YES;
				CLANG_WARN_BLOCK_CAPTURE_AUTORELEASING = YES;
				CLANG_WARN_BOOL_CONVERSION = YES;
				CLANG_WARN_COMMA = YES;
				CLANG_WARN_CONSTANT_CONVERSION = YES;
				CLANG_WARN_DEPRECATED_OBJC_IMPLEMENTATIONS = YES;
				CLANG_WARN_DIRECT_OBJC_ISA_USAGE = YES_ERROR;
				CLANG_WARN_DOCUMENTATION_COMMENTS = YES;
				CLANG_WARN_EMPTY_BODY = YES;
				CLANG_WARN_ENUM_CONVERSION = YES;
				CLANG_WARN_INFINITE_RECURSION = YES;
				CLANG_WARN_INT_CONVERSION = YES;
				CLANG_WARN_NON_LITERAL_NULL_CONVERSION = YES;
				CLANG_WARN_OBJC_IMPLICIT_RETAIN_SELF = YES;
				CLANG_WARN_OBJC_LITERAL_CONVERSION = YES;
				CLANG_WARN_OBJC_ROOT_CLASS = YES_ERROR;
				CLANG_WARN_QUOTED_INCLUDE_IN_FRAMEWORK_HEADER = YES;
				CLANG_WARN_RANGE_LOOP_ANALYSIS = YES;
				CLANG_WARN_STRICT_PROTOTYPES = YES;
				CLANG_WARN_SUSPICIOUS_MOVE = YES;
				CLANG_WARN_UNGUARDED_AVAILABILITY = YES_AGGRESSIVE;
				CLANG_WARN_UNREACHABLE_CODE = YES;
				CLANG_WARN__DUPLICATE_METHOD_MATCH = YES;
				COPY_PHASE_STRIP = NO;
				DEBUG_INFORMATION_FORMAT = "dwarf-with-dsym";
				ENABLE_NS_ASSERTIONS = NO;
				ENABLE_STRICT_OBJC_MSGSEND = YES;
				GCC_C_LANGUAGE_STANDARD = gnu11;
				GCC_NO_COMMON_BLOCKS = YES;
				GCC_WARN_64_TO_32_BIT_CONVERSION = YES;
				GCC_WARN_ABOUT_RETURN_TYPE = YES_ERROR;
				GCC_WARN_UNDECLARED_SELECTOR = YES;
				GCC_WARN_UNINITIALIZED_AUTOS = YES_AGGRESSIVE;
				GCC_WARN_UNUSED_FUNCTION = YES;
				GCC_WARN_UNUSED_VARIABLE = YES;
				INFOPLIST_KEY_NSHumanReadableCopyright = "© 2021 Freya Ariel";
				MTL_ENABLE_DEBUG_INFO = NO;
				MTL_FAST_MATH = YES;
				SDKROOT = iphoneos;
				SWIFT_COMPILATION_MODE = wholemodule;
				SWIFT_OPTIMIZATION_LEVEL = "-O";
				VALIDATE_PRODUCT = YES;
			};
			name = Release;
		};
		09954B9C272DCAC700475F57 /* Debug */ = {
			isa = XCBuildConfiguration;
			buildSettings = {
				CLANG_ENABLE_MODULES = YES;
				CODE_SIGN_STYLE = Automatic;
				CURRENT_PROJECT_VERSION = 1;
				DEVELOPMENT_TEAM = WP9Q67QBW2;
				ENABLE_PREVIEWS = YES;
				GENERATE_INFOPLIST_FILE = YES;
				INFOPLIST_FILE = Info.plist;
				INFOPLIST_KEY_CFBundleDisplayName = "WatchDatePicker Examples WatchKit Extension";
				INFOPLIST_KEY_NSHumanReadableCopyright = "© 2021-2023 Freya Alminde";
				INFOPLIST_KEY_WKWatchOnly = YES;
				LD_RUNPATH_SEARCH_PATHS = (
					"$(inherited)",
					"@executable_path/Frameworks",
					"@executable_path/../../Frameworks",
				);
				MARKETING_VERSION = 1.0;
				PRODUCT_BUNDLE_IDENTIFIER = local.WatchDatePickerExamples.watchkitapp.watchkitextension;
				PRODUCT_MODULE_NAME = WatchDatePickerExamples;
				PRODUCT_NAME = "${TARGET_NAME}";
				SDKROOT = watchos;
				SKIP_INSTALL = YES;
				SWIFT_EMIT_LOC_STRINGS = YES;
				SWIFT_OPTIMIZATION_LEVEL = "-Onone";
				SWIFT_VERSION = 5.0;
				TARGETED_DEVICE_FAMILY = 4;
				WATCHOS_DEPLOYMENT_TARGET = 8.0;
			};
			name = Debug;
		};
		09954B9D272DCAC700475F57 /* Release */ = {
			isa = XCBuildConfiguration;
			buildSettings = {
				CLANG_ENABLE_MODULES = YES;
				CODE_SIGN_STYLE = Automatic;
				CURRENT_PROJECT_VERSION = 1;
				DEVELOPMENT_TEAM = WP9Q67QBW2;
				ENABLE_PREVIEWS = YES;
				GENERATE_INFOPLIST_FILE = YES;
				INFOPLIST_FILE = Info.plist;
				INFOPLIST_KEY_CFBundleDisplayName = "WatchDatePicker Examples WatchKit Extension";
				INFOPLIST_KEY_NSHumanReadableCopyright = "© 2021-2023 Freya Alminde";
				INFOPLIST_KEY_WKWatchOnly = YES;
				LD_RUNPATH_SEARCH_PATHS = (
					"$(inherited)",
					"@executable_path/Frameworks",
					"@executable_path/../../Frameworks",
				);
				MARKETING_VERSION = 1.0;
				PRODUCT_BUNDLE_IDENTIFIER = local.WatchDatePickerExamples.watchkitapp.watchkitextension;
				PRODUCT_MODULE_NAME = WatchDatePickerExamples;
				PRODUCT_NAME = "${TARGET_NAME}";
				SDKROOT = watchos;
				SKIP_INSTALL = YES;
				SWIFT_EMIT_LOC_STRINGS = YES;
				SWIFT_VERSION = 5.0;
				TARGETED_DEVICE_FAMILY = 4;
				WATCHOS_DEPLOYMENT_TARGET = 8.0;
			};
			name = Release;
		};
		09954BA0272DCAC700475F57 /* Debug */ = {
			isa = XCBuildConfiguration;
			buildSettings = {
				ALWAYS_EMBED_SWIFT_STANDARD_LIBRARIES = YES;
				ASSETCATALOG_COMPILER_APPICON_NAME = AppIcon;
				ASSETCATALOG_COMPILER_GLOBAL_ACCENT_COLOR_NAME = AccentColor;
				CODE_SIGN_STYLE = Automatic;
				CURRENT_PROJECT_VERSION = 1;
				DEVELOPMENT_TEAM = WP9Q67QBW2;
				GENERATE_INFOPLIST_FILE = YES;
				IBSC_MODULE = WatchDatePickerExamples_WatchKit_Extension;
				INFOPLIST_KEY_CFBundleDisplayName = "WatchDatePicker Examples";
				INFOPLIST_KEY_NSHumanReadableCopyright = "© 2021-2023 Freya Alminde";
				INFOPLIST_KEY_UISupportedInterfaceOrientations = "UIInterfaceOrientationPortrait UIInterfaceOrientationPortraitUpsideDown";
				MARKETING_VERSION = 1.0;
				PRODUCT_BUNDLE_IDENTIFIER = local.WatchDatePickerExamples.watchkitapp;
				PRODUCT_NAME = "$(TARGET_NAME)";
				SDKROOT = watchos;
				SKIP_INSTALL = YES;
				SWIFT_EMIT_LOC_STRINGS = YES;
				SWIFT_VERSION = 5.0;
				TARGETED_DEVICE_FAMILY = 4;
				WATCHOS_DEPLOYMENT_TARGET = 8.0;
			};
			name = Debug;
		};
		09954BA1272DCAC700475F57 /* Release */ = {
			isa = XCBuildConfiguration;
			buildSettings = {
				ALWAYS_EMBED_SWIFT_STANDARD_LIBRARIES = YES;
				ASSETCATALOG_COMPILER_APPICON_NAME = AppIcon;
				ASSETCATALOG_COMPILER_GLOBAL_ACCENT_COLOR_NAME = AccentColor;
				CODE_SIGN_STYLE = Automatic;
				CURRENT_PROJECT_VERSION = 1;
				DEVELOPMENT_TEAM = WP9Q67QBW2;
				GENERATE_INFOPLIST_FILE = YES;
				IBSC_MODULE = WatchDatePickerExamples_WatchKit_Extension;
				INFOPLIST_KEY_CFBundleDisplayName = "WatchDatePicker Examples";
				INFOPLIST_KEY_NSHumanReadableCopyright = "© 2021-2023 Freya Alminde";
				INFOPLIST_KEY_UISupportedInterfaceOrientations = "UIInterfaceOrientationPortrait UIInterfaceOrientationPortraitUpsideDown";
				MARKETING_VERSION = 1.0;
				PRODUCT_BUNDLE_IDENTIFIER = local.WatchDatePickerExamples.watchkitapp;
				PRODUCT_NAME = "$(TARGET_NAME)";
				SDKROOT = watchos;
				SKIP_INSTALL = YES;
				SWIFT_EMIT_LOC_STRINGS = YES;
				SWIFT_VERSION = 5.0;
				TARGETED_DEVICE_FAMILY = 4;
				WATCHOS_DEPLOYMENT_TARGET = 8.0;
			};
			name = Release;
		};
		09954BA4272DCAC700475F57 /* Debug */ = {
			isa = XCBuildConfiguration;
			buildSettings = {
				CLANG_ENABLE_MODULES = YES;
				CODE_SIGN_STYLE = Automatic;
				CURRENT_PROJECT_VERSION = 1;
				DEVELOPMENT_TEAM = WP9Q67QBW2;
				INFOPLIST_KEY_NSHumanReadableCopyright = "© 2021-2023 Freya Alminde";
				LD_RUNPATH_SEARCH_PATHS = (
					"$(inherited)",
					"@executable_path/Frameworks",
					"@loader_path/Frameworks",
				);
				MARKETING_VERSION = 1.0;
				PRODUCT_BUNDLE_IDENTIFIER = local.WatchDatePickerExamples;
				PRODUCT_NAME = "WatchDatePicker Examples";
				SWIFT_OPTIMIZATION_LEVEL = "-Onone";
				SWIFT_VERSION = 5.0;
			};
			name = Debug;
		};
		09954BA5272DCAC700475F57 /* Release */ = {
			isa = XCBuildConfiguration;
			buildSettings = {
				CLANG_ENABLE_MODULES = YES;
				CODE_SIGN_STYLE = Automatic;
				CURRENT_PROJECT_VERSION = 1;
				DEVELOPMENT_TEAM = WP9Q67QBW2;
				INFOPLIST_KEY_NSHumanReadableCopyright = "© 2021-2023 Freya Alminde";
				LD_RUNPATH_SEARCH_PATHS = (
					"$(inherited)",
					"@executable_path/Frameworks",
					"@loader_path/Frameworks",
				);
				MARKETING_VERSION = 1.0;
				PRODUCT_BUNDLE_IDENTIFIER = local.WatchDatePickerExamples;
				PRODUCT_NAME = "WatchDatePicker Examples";
				SWIFT_VERSION = 5.0;
			};
			name = Release;
		};
		3BF815CE288E375400693A16 /* Debug */ = {
			isa = XCBuildConfiguration;
			buildSettings = {
				CODE_SIGN_STYLE = Automatic;
				CURRENT_PROJECT_VERSION = 1;
				DEVELOPMENT_TEAM = WP9Q67QBW2;
				GENERATE_INFOPLIST_FILE = YES;
				INFOPLIST_KEY_NSHumanReadableCopyright = "© 2021-2023 Freya Alminde";
				LD_RUNPATH_SEARCH_PATHS = (
					"$(inherited)",
					"@executable_path/Frameworks",
					"@loader_path/Frameworks",
				);
				MARKETING_VERSION = 1.0;
				PRODUCT_BUNDLE_IDENTIFIER = "local.Examples-WatchKit-Screenshots";
				PRODUCT_NAME = "$(TARGET_NAME)";
				SDKROOT = watchos;
				SWIFT_EMIT_LOC_STRINGS = NO;
				SWIFT_VERSION = 5.0;
				TARGETED_DEVICE_FAMILY = 4;
				TEST_TARGET_NAME = "Examples WatchKit App";
				WATCHOS_DEPLOYMENT_TARGET = 8.0;
			};
			name = Debug;
		};
		3BF815CF288E375400693A16 /* Release */ = {
			isa = XCBuildConfiguration;
			buildSettings = {
				CODE_SIGN_STYLE = Automatic;
				CURRENT_PROJECT_VERSION = 1;
				DEVELOPMENT_TEAM = WP9Q67QBW2;
				GENERATE_INFOPLIST_FILE = YES;
				INFOPLIST_KEY_NSHumanReadableCopyright = "© 2021-2023 Freya Alminde";
				LD_RUNPATH_SEARCH_PATHS = (
					"$(inherited)",
					"@executable_path/Frameworks",
					"@loader_path/Frameworks",
				);
				MARKETING_VERSION = 1.0;
				PRODUCT_BUNDLE_IDENTIFIER = "local.Examples-WatchKit-Screenshots";
				PRODUCT_NAME = "$(TARGET_NAME)";
				SDKROOT = watchos;
				SWIFT_EMIT_LOC_STRINGS = NO;
				SWIFT_VERSION = 5.0;
				TARGETED_DEVICE_FAMILY = 4;
				TEST_TARGET_NAME = "Examples WatchKit App";
				WATCHOS_DEPLOYMENT_TARGET = 8.0;
			};
			name = Release;
		};
/* End XCBuildConfiguration section */

/* Begin XCConfigurationList section */
		09954B76272DCAC300475F57 /* Build configuration list for PBXProject "WatchDatePickerExamples" */ = {
			isa = XCConfigurationList;
			buildConfigurations = (
				09954B99272DCAC700475F57 /* Debug */,
				09954B9A272DCAC700475F57 /* Release */,
			);
			defaultConfigurationIsVisible = 0;
			defaultConfigurationName = Release;
		};
		09954B9B272DCAC700475F57 /* Build configuration list for PBXNativeTarget "Examples WatchKit Extension" */ = {
			isa = XCConfigurationList;
			buildConfigurations = (
				09954B9C272DCAC700475F57 /* Debug */,
				09954B9D272DCAC700475F57 /* Release */,
			);
			defaultConfigurationIsVisible = 0;
			defaultConfigurationName = Release;
		};
		09954B9F272DCAC700475F57 /* Build configuration list for PBXNativeTarget "Examples WatchKit App" */ = {
			isa = XCConfigurationList;
			buildConfigurations = (
				09954BA0272DCAC700475F57 /* Debug */,
				09954BA1272DCAC700475F57 /* Release */,
			);
			defaultConfigurationIsVisible = 0;
			defaultConfigurationName = Release;
		};
		09954BA3272DCAC700475F57 /* Build configuration list for PBXNativeTarget "Examples" */ = {
			isa = XCConfigurationList;
			buildConfigurations = (
				09954BA4272DCAC700475F57 /* Debug */,
				09954BA5272DCAC700475F57 /* Release */,
			);
			defaultConfigurationIsVisible = 0;
			defaultConfigurationName = Release;
		};
		3BF815D0288E375400693A16 /* Build configuration list for PBXNativeTarget "Examples WatchKit Screenshots" */ = {
			isa = XCConfigurationList;
			buildConfigurations = (
				3BF815CE288E375400693A16 /* Debug */,
				3BF815CF288E375400693A16 /* Release */,
			);
			defaultConfigurationIsVisible = 0;
			defaultConfigurationName = Release;
		};
/* End XCConfigurationList section */

/* Begin XCSwiftPackageProductDependency section */
		093463662730905A0022266C /* WatchDatePicker */ = {
			isa = XCSwiftPackageProductDependency;
			productName = WatchDatePicker;
		};
		3B029E02285FADA0000346CD /* WatchDatePicker */ = {
			isa = XCSwiftPackageProductDependency;
			productName = WatchDatePicker;
		};
/* End XCSwiftPackageProductDependency section */
	};
	rootObject = 09954B73272DCAC300475F57 /* Project object */;
}
